// !$*UTF8*$!
{
	archiveVersion = 1;
	classes = {
	};
	objectVersion = 50;
	objects = {

/* Begin PBXBuildFile section */
		690E408726480475005BE06A /* AppDelegate.swift in Sources */ = {isa = PBXBuildFile; fileRef = 690E408626480475005BE06A /* AppDelegate.swift */; };
		690E408926480475005BE06A /* SceneDelegate.swift in Sources */ = {isa = PBXBuildFile; fileRef = 690E408826480475005BE06A /* SceneDelegate.swift */; };
		690E408E26480475005BE06A /* Main.storyboard in Resources */ = {isa = PBXBuildFile; fileRef = 690E408C26480475005BE06A /* Main.storyboard */; };
		690E409126480475005BE06A /* GitRepo.xcdatamodeld in Sources */ = {isa = PBXBuildFile; fileRef = 690E408F26480475005BE06A /* GitRepo.xcdatamodeld */; };
		690E409326480477005BE06A /* Assets.xcassets in Resources */ = {isa = PBXBuildFile; fileRef = 690E409226480477005BE06A /* Assets.xcassets */; };
		690E409626480477005BE06A /* LaunchScreen.storyboard in Resources */ = {isa = PBXBuildFile; fileRef = 690E409426480477005BE06A /* LaunchScreen.storyboard */; };
		690E40A126480477005BE06A /* GitRepoTests.swift in Sources */ = {isa = PBXBuildFile; fileRef = 690E40A026480477005BE06A /* GitRepoTests.swift */; };
		690E40AC26480477005BE06A /* GitRepoUITests.swift in Sources */ = {isa = PBXBuildFile; fileRef = 690E40AB26480477005BE06A /* GitRepoUITests.swift */; };
		690E40BB264805CB005BE06A /* NetworkEngine.swift in Sources */ = {isa = PBXBuildFile; fileRef = 690E40BA264805CB005BE06A /* NetworkEngine.swift */; };
		690E40BF26480AA6005BE06A /* HTTPMethod.swift in Sources */ = {isa = PBXBuildFile; fileRef = 690E40BE26480AA6005BE06A /* HTTPMethod.swift */; };
		690E40C4264815D3005BE06A /* Repository.swift in Sources */ = {isa = PBXBuildFile; fileRef = 690E40C3264815D3005BE06A /* Repository.swift */; };
		690E40CD26482E9A005BE06A /* ReposListVC.swift in Sources */ = {isa = PBXBuildFile; fileRef = 690E40CC26482E9A005BE06A /* ReposListVC.swift */; };
		690E40D126482F46005BE06A /* RepoTableCell.swift in Sources */ = {isa = PBXBuildFile; fileRef = 690E40CF26482F46005BE06A /* RepoTableCell.swift */; };
		690E40D226482F46005BE06A /* RepoTableCell.xib in Resources */ = {isa = PBXBuildFile; fileRef = 690E40D026482F46005BE06A /* RepoTableCell.xib */; };
		690E40D4264830C1005BE06A /* ImageNetwork.swift in Sources */ = {isa = PBXBuildFile; fileRef = 690E40D3264830C1005BE06A /* ImageNetwork.swift */; };
		690E40D7264833B4005BE06A /* UIExtensions.swift in Sources */ = {isa = PBXBuildFile; fileRef = 690E40D6264833B4005BE06A /* UIExtensions.swift */; };
		690E40D92649585C005BE06A /* RepoDetailsVC.swift in Sources */ = {isa = PBXBuildFile; fileRef = 690E40D82649585C005BE06A /* RepoDetailsVC.swift */; };
/* End PBXBuildFile section */

/* Begin PBXContainerItemProxy section */
		690E409D26480477005BE06A /* PBXContainerItemProxy */ = {
			isa = PBXContainerItemProxy;
			containerPortal = 690E407B26480475005BE06A /* Project object */;
			proxyType = 1;
			remoteGlobalIDString = 690E408226480475005BE06A;
			remoteInfo = GitRepo;
		};
		690E40A826480477005BE06A /* PBXContainerItemProxy */ = {
			isa = PBXContainerItemProxy;
			containerPortal = 690E407B26480475005BE06A /* Project object */;
			proxyType = 1;
			remoteGlobalIDString = 690E408226480475005BE06A;
			remoteInfo = GitRepo;
		};
/* End PBXContainerItemProxy section */

/* Begin PBXFileReference section */
		690E408326480475005BE06A /* GitRepo.app */ = {isa = PBXFileReference; explicitFileType = wrapper.application; includeInIndex = 0; path = GitRepo.app; sourceTree = BUILT_PRODUCTS_DIR; };
		690E408626480475005BE06A /* AppDelegate.swift */ = {isa = PBXFileReference; lastKnownFileType = sourcecode.swift; path = AppDelegate.swift; sourceTree = "<group>"; };
		690E408826480475005BE06A /* SceneDelegate.swift */ = {isa = PBXFileReference; lastKnownFileType = sourcecode.swift; path = SceneDelegate.swift; sourceTree = "<group>"; };
		690E408D26480475005BE06A /* Base */ = {isa = PBXFileReference; lastKnownFileType = file.storyboard; name = Base; path = Base.lproj/Main.storyboard; sourceTree = "<group>"; };
		690E409026480475005BE06A /* GitRepo.xcdatamodel */ = {isa = PBXFileReference; lastKnownFileType = wrapper.xcdatamodel; path = GitRepo.xcdatamodel; sourceTree = "<group>"; };
		690E409226480477005BE06A /* Assets.xcassets */ = {isa = PBXFileReference; lastKnownFileType = folder.assetcatalog; path = Assets.xcassets; sourceTree = "<group>"; };
		690E409526480477005BE06A /* Base */ = {isa = PBXFileReference; lastKnownFileType = file.storyboard; name = Base; path = Base.lproj/LaunchScreen.storyboard; sourceTree = "<group>"; };
		690E409726480477005BE06A /* Info.plist */ = {isa = PBXFileReference; lastKnownFileType = text.plist.xml; path = Info.plist; sourceTree = "<group>"; };
		690E409C26480477005BE06A /* GitRepoTests.xctest */ = {isa = PBXFileReference; explicitFileType = wrapper.cfbundle; includeInIndex = 0; path = GitRepoTests.xctest; sourceTree = BUILT_PRODUCTS_DIR; };
		690E40A026480477005BE06A /* GitRepoTests.swift */ = {isa = PBXFileReference; lastKnownFileType = sourcecode.swift; path = GitRepoTests.swift; sourceTree = "<group>"; };
		690E40A226480477005BE06A /* Info.plist */ = {isa = PBXFileReference; lastKnownFileType = text.plist.xml; path = Info.plist; sourceTree = "<group>"; };
		690E40A726480477005BE06A /* GitRepoUITests.xctest */ = {isa = PBXFileReference; explicitFileType = wrapper.cfbundle; includeInIndex = 0; path = GitRepoUITests.xctest; sourceTree = BUILT_PRODUCTS_DIR; };
		690E40AB26480477005BE06A /* GitRepoUITests.swift */ = {isa = PBXFileReference; lastKnownFileType = sourcecode.swift; path = GitRepoUITests.swift; sourceTree = "<group>"; };
		690E40AD26480477005BE06A /* Info.plist */ = {isa = PBXFileReference; lastKnownFileType = text.plist.xml; path = Info.plist; sourceTree = "<group>"; };
		690E40BA264805CB005BE06A /* NetworkEngine.swift */ = {isa = PBXFileReference; lastKnownFileType = sourcecode.swift; path = NetworkEngine.swift; sourceTree = "<group>"; };
		690E40BE26480AA6005BE06A /* HTTPMethod.swift */ = {isa = PBXFileReference; lastKnownFileType = sourcecode.swift; path = HTTPMethod.swift; sourceTree = "<group>"; };
		690E40C3264815D3005BE06A /* Repository.swift */ = {isa = PBXFileReference; lastKnownFileType = sourcecode.swift; path = Repository.swift; sourceTree = "<group>"; };
		690E40CC26482E9A005BE06A /* ReposListVC.swift */ = {isa = PBXFileReference; lastKnownFileType = sourcecode.swift; path = ReposListVC.swift; sourceTree = "<group>"; };
		690E40CF26482F46005BE06A /* RepoTableCell.swift */ = {isa = PBXFileReference; lastKnownFileType = sourcecode.swift; path = RepoTableCell.swift; sourceTree = "<group>"; };
		690E40D026482F46005BE06A /* RepoTableCell.xib */ = {isa = PBXFileReference; lastKnownFileType = file.xib; path = RepoTableCell.xib; sourceTree = "<group>"; };
		690E40D3264830C1005BE06A /* ImageNetwork.swift */ = {isa = PBXFileReference; lastKnownFileType = sourcecode.swift; path = ImageNetwork.swift; sourceTree = "<group>"; };
		690E40D6264833B4005BE06A /* UIExtensions.swift */ = {isa = PBXFileReference; lastKnownFileType = sourcecode.swift; path = UIExtensions.swift; sourceTree = "<group>"; };
		690E40D82649585C005BE06A /* RepoDetailsVC.swift */ = {isa = PBXFileReference; lastKnownFileType = sourcecode.swift; path = RepoDetailsVC.swift; sourceTree = "<group>"; };
/* End PBXFileReference section */

/* Begin PBXFrameworksBuildPhase section */
		690E408026480475005BE06A /* Frameworks */ = {
			isa = PBXFrameworksBuildPhase;
			buildActionMask = 2147483647;
			files = (
			);
			runOnlyForDeploymentPostprocessing = 0;
		};
		690E409926480477005BE06A /* Frameworks */ = {
			isa = PBXFrameworksBuildPhase;
			buildActionMask = 2147483647;
			files = (
			);
			runOnlyForDeploymentPostprocessing = 0;
		};
		690E40A426480477005BE06A /* Frameworks */ = {
			isa = PBXFrameworksBuildPhase;
			buildActionMask = 2147483647;
			files = (
			);
			runOnlyForDeploymentPostprocessing = 0;
		};
/* End PBXFrameworksBuildPhase section */

/* Begin PBXGroup section */
		690E407A26480475005BE06A = {
			isa = PBXGroup;
			children = (
				690E408526480475005BE06A /* GitRepo */,
				690E409F26480477005BE06A /* GitRepoTests */,
				690E40AA26480477005BE06A /* GitRepoUITests */,
				690E408426480475005BE06A /* Products */,
			);
			sourceTree = "<group>";
		};
		690E408426480475005BE06A /* Products */ = {
			isa = PBXGroup;
			children = (
				690E408326480475005BE06A /* GitRepo.app */,
				690E409C26480477005BE06A /* GitRepoTests.xctest */,
				690E40A726480477005BE06A /* GitRepoUITests.xctest */,
			);
			name = Products;
			sourceTree = "<group>";
		};
		690E408526480475005BE06A /* GitRepo */ = {
			isa = PBXGroup;
			children = (
				690E40C926482DE2005BE06A /* AppDelegate */,
				690E40C626482D91005BE06A /* Controller */,
				690E40CA26482DF1005BE06A /* CoreData */,
				690E40D526483394005BE06A /* Extensions */,
				690E40C02648158A005BE06A /* Model */,
				690E40B9264804FA005BE06A /* Networking */,
				690E40C826482DA6005BE06A /* Resources */,
				690E40CB26482E06005BE06A /* Storyboards */,
				690E40C726482D9A005BE06A /* View */,
			);
			path = GitRepo;
			sourceTree = "<group>";
		};
		690E409F26480477005BE06A /* GitRepoTests */ = {
			isa = PBXGroup;
			children = (
				690E40A026480477005BE06A /* GitRepoTests.swift */,
				690E40A226480477005BE06A /* Info.plist */,
			);
			path = GitRepoTests;
			sourceTree = "<group>";
		};
		690E40AA26480477005BE06A /* GitRepoUITests */ = {
			isa = PBXGroup;
			children = (
				690E40AB26480477005BE06A /* GitRepoUITests.swift */,
				690E40AD26480477005BE06A /* Info.plist */,
			);
			path = GitRepoUITests;
			sourceTree = "<group>";
		};
		690E40B9264804FA005BE06A /* Networking */ = {
			isa = PBXGroup;
			children = (
				690E40BA264805CB005BE06A /* NetworkEngine.swift */,
				690E40BE26480AA6005BE06A /* HTTPMethod.swift */,
				690E40D3264830C1005BE06A /* ImageNetwork.swift */,
			);
			path = Networking;
			sourceTree = "<group>";
		};
		690E40C02648158A005BE06A /* Model */ = {
			isa = PBXGroup;
			children = (
				690E40C3264815D3005BE06A /* Repository.swift */,
			);
			path = Model;
			sourceTree = "<group>";
		};
		690E40C626482D91005BE06A /* Controller */ = {
			isa = PBXGroup;
			children = (
				690E40CC26482E9A005BE06A /* ReposListVC.swift */,
				690E40D82649585C005BE06A /* RepoDetailsVC.swift */,
			);
			path = Controller;
			sourceTree = "<group>";
		};
		690E40C726482D9A005BE06A /* View */ = {
			isa = PBXGroup;
			children = (
				690E40CE26482F24005BE06A /* RepoTableCell */,
			);
			path = View;
			sourceTree = "<group>";
		};
		690E40C826482DA6005BE06A /* Resources */ = {
			isa = PBXGroup;
			children = (
				690E409226480477005BE06A /* Assets.xcassets */,
				690E409726480477005BE06A /* Info.plist */,
			);
			path = Resources;
			sourceTree = "<group>";
		};
		690E40C926482DE2005BE06A /* AppDelegate */ = {
			isa = PBXGroup;
			children = (
				690E408626480475005BE06A /* AppDelegate.swift */,
				690E408826480475005BE06A /* SceneDelegate.swift */,
			);
			path = AppDelegate;
			sourceTree = "<group>";
		};
		690E40CA26482DF1005BE06A /* CoreData */ = {
			isa = PBXGroup;
			children = (
				690E408F26480475005BE06A /* GitRepo.xcdatamodeld */,
			);
			path = CoreData;
			sourceTree = "<group>";
		};
		690E40CB26482E06005BE06A /* Storyboards */ = {
			isa = PBXGroup;
			children = (
				690E409426480477005BE06A /* LaunchScreen.storyboard */,
				690E408C26480475005BE06A /* Main.storyboard */,
			);
			path = Storyboards;
			sourceTree = "<group>";
		};
		690E40CE26482F24005BE06A /* RepoTableCell */ = {
			isa = PBXGroup;
			children = (
				690E40CF26482F46005BE06A /* RepoTableCell.swift */,
				690E40D026482F46005BE06A /* RepoTableCell.xib */,
			);
			path = RepoTableCell;
			sourceTree = "<group>";
		};
		690E40D526483394005BE06A /* Extensions */ = {
			isa = PBXGroup;
			children = (
				690E40D6264833B4005BE06A /* UIExtensions.swift */,
			);
			path = Extensions;
			sourceTree = "<group>";
		};
/* End PBXGroup section */

/* Begin PBXNativeTarget section */
		690E408226480475005BE06A /* GitRepo */ = {
			isa = PBXNativeTarget;
			buildConfigurationList = 690E40B026480477005BE06A /* Build configuration list for PBXNativeTarget "GitRepo" */;
			buildPhases = (
				690E407F26480475005BE06A /* Sources */,
				690E408026480475005BE06A /* Frameworks */,
				690E408126480475005BE06A /* Resources */,
			);
			buildRules = (
			);
			dependencies = (
			);
			name = GitRepo;
			productName = GitRepo;
			productReference = 690E408326480475005BE06A /* GitRepo.app */;
			productType = "com.apple.product-type.application";
		};
		690E409B26480477005BE06A /* GitRepoTests */ = {
			isa = PBXNativeTarget;
			buildConfigurationList = 690E40B326480477005BE06A /* Build configuration list for PBXNativeTarget "GitRepoTests" */;
			buildPhases = (
				690E409826480477005BE06A /* Sources */,
				690E409926480477005BE06A /* Frameworks */,
				690E409A26480477005BE06A /* Resources */,
			);
			buildRules = (
			);
			dependencies = (
				690E409E26480477005BE06A /* PBXTargetDependency */,
			);
			name = GitRepoTests;
			productName = GitRepoTests;
			productReference = 690E409C26480477005BE06A /* GitRepoTests.xctest */;
			productType = "com.apple.product-type.bundle.unit-test";
		};
		690E40A626480477005BE06A /* GitRepoUITests */ = {
			isa = PBXNativeTarget;
			buildConfigurationList = 690E40B626480477005BE06A /* Build configuration list for PBXNativeTarget "GitRepoUITests" */;
			buildPhases = (
				690E40A326480477005BE06A /* Sources */,
				690E40A426480477005BE06A /* Frameworks */,
				690E40A526480477005BE06A /* Resources */,
			);
			buildRules = (
			);
			dependencies = (
				690E40A926480477005BE06A /* PBXTargetDependency */,
			);
			name = GitRepoUITests;
			productName = GitRepoUITests;
			productReference = 690E40A726480477005BE06A /* GitRepoUITests.xctest */;
			productType = "com.apple.product-type.bundle.ui-testing";
		};
/* End PBXNativeTarget section */

/* Begin PBXProject section */
		690E407B26480475005BE06A /* Project object */ = {
			isa = PBXProject;
			attributes = {
				LastSwiftUpdateCheck = 1250;
				LastUpgradeCheck = 1250;
				TargetAttributes = {
					690E408226480475005BE06A = {
						CreatedOnToolsVersion = 12.5;
					};
					690E409B26480477005BE06A = {
						CreatedOnToolsVersion = 12.5;
						TestTargetID = 690E408226480475005BE06A;
					};
					690E40A626480477005BE06A = {
						CreatedOnToolsVersion = 12.5;
						TestTargetID = 690E408226480475005BE06A;
					};
				};
			};
			buildConfigurationList = 690E407E26480475005BE06A /* Build configuration list for PBXProject "GitRepo" */;
			compatibilityVersion = "Xcode 9.3";
			developmentRegion = en;
			hasScannedForEncodings = 0;
			knownRegions = (
				en,
				Base,
			);
			mainGroup = 690E407A26480475005BE06A;
			productRefGroup = 690E408426480475005BE06A /* Products */;
			projectDirPath = "";
			projectRoot = "";
			targets = (
				690E408226480475005BE06A /* GitRepo */,
				690E409B26480477005BE06A /* GitRepoTests */,
				690E40A626480477005BE06A /* GitRepoUITests */,
			);
		};
/* End PBXProject section */

/* Begin PBXResourcesBuildPhase section */
		690E408126480475005BE06A /* Resources */ = {
			isa = PBXResourcesBuildPhase;
			buildActionMask = 2147483647;
			files = (
				690E40D226482F46005BE06A /* RepoTableCell.xib in Resources */,
				690E409626480477005BE06A /* LaunchScreen.storyboard in Resources */,
				690E409326480477005BE06A /* Assets.xcassets in Resources */,
				690E408E26480475005BE06A /* Main.storyboard in Resources */,
			);
			runOnlyForDeploymentPostprocessing = 0;
		};
		690E409A26480477005BE06A /* Resources */ = {
			isa = PBXResourcesBuildPhase;
			buildActionMask = 2147483647;
			files = (
			);
			runOnlyForDeploymentPostprocessing = 0;
		};
		690E40A526480477005BE06A /* Resources */ = {
			isa = PBXResourcesBuildPhase;
			buildActionMask = 2147483647;
			files = (
			);
			runOnlyForDeploymentPostprocessing = 0;
		};
/* End PBXResourcesBuildPhase section */

/* Begin PBXSourcesBuildPhase section */
		690E407F26480475005BE06A /* Sources */ = {
			isa = PBXSourcesBuildPhase;
			buildActionMask = 2147483647;
			files = (
				690E40BB264805CB005BE06A /* NetworkEngine.swift in Sources */,
				690E40BF26480AA6005BE06A /* HTTPMethod.swift in Sources */,
				690E40C4264815D3005BE06A /* Repository.swift in Sources */,
				690E40D7264833B4005BE06A /* UIExtensions.swift in Sources */,
				690E408726480475005BE06A /* AppDelegate.swift in Sources */,
				690E40D92649585C005BE06A /* RepoDetailsVC.swift in Sources */,
				690E40D126482F46005BE06A /* RepoTableCell.swift in Sources */,
				690E409126480475005BE06A /* GitRepo.xcdatamodeld in Sources */,
				690E408926480475005BE06A /* SceneDelegate.swift in Sources */,
				690E40CD26482E9A005BE06A /* ReposListVC.swift in Sources */,
				690E40D4264830C1005BE06A /* ImageNetwork.swift in Sources */,
			);
			runOnlyForDeploymentPostprocessing = 0;
		};
		690E409826480477005BE06A /* Sources */ = {
			isa = PBXSourcesBuildPhase;
			buildActionMask = 2147483647;
			files = (
				690E40A126480477005BE06A /* GitRepoTests.swift in Sources */,
			);
			runOnlyForDeploymentPostprocessing = 0;
		};
		690E40A326480477005BE06A /* Sources */ = {
			isa = PBXSourcesBuildPhase;
			buildActionMask = 2147483647;
			files = (
				690E40AC26480477005BE06A /* GitRepoUITests.swift in Sources */,
			);
			runOnlyForDeploymentPostprocessing = 0;
		};
/* End PBXSourcesBuildPhase section */

/* Begin PBXTargetDependency section */
		690E409E26480477005BE06A /* PBXTargetDependency */ = {
			isa = PBXTargetDependency;
			target = 690E408226480475005BE06A /* GitRepo */;
			targetProxy = 690E409D26480477005BE06A /* PBXContainerItemProxy */;
		};
		690E40A926480477005BE06A /* PBXTargetDependency */ = {
			isa = PBXTargetDependency;
			target = 690E408226480475005BE06A /* GitRepo */;
			targetProxy = 690E40A826480477005BE06A /* PBXContainerItemProxy */;
		};
/* End PBXTargetDependency section */

/* Begin PBXVariantGroup section */
		690E408C26480475005BE06A /* Main.storyboard */ = {
			isa = PBXVariantGroup;
			children = (
				690E408D26480475005BE06A /* Base */,
			);
			name = Main.storyboard;
			sourceTree = "<group>";
		};
		690E409426480477005BE06A /* LaunchScreen.storyboard */ = {
			isa = PBXVariantGroup;
			children = (
				690E409526480477005BE06A /* Base */,
			);
			name = LaunchScreen.storyboard;
			sourceTree = "<group>";
		};
/* End PBXVariantGroup section */

/* Begin XCBuildConfiguration section */
		690E40AE26480477005BE06A /* Debug */ = {
			isa = XCBuildConfiguration;
			buildSettings = {
				ALWAYS_SEARCH_USER_PATHS = NO;
				CLANG_ANALYZER_NONNULL = YES;
				CLANG_ANALYZER_NUMBER_OBJECT_CONVERSION = YES_AGGRESSIVE;
				CLANG_CXX_LANGUAGE_STANDARD = "gnu++14";
				CLANG_CXX_LIBRARY = "libc++";
				CLANG_ENABLE_MODULES = YES;
				CLANG_ENABLE_OBJC_ARC = YES;
				CLANG_ENABLE_OBJC_WEAK = YES;
				CLANG_WARN_BLOCK_CAPTURE_AUTORELEASING = YES;
				CLANG_WARN_BOOL_CONVERSION = YES;
				CLANG_WARN_COMMA = YES;
				CLANG_WARN_CONSTANT_CONVERSION = YES;
				CLANG_WARN_DEPRECATED_OBJC_IMPLEMENTATIONS = YES;
				CLANG_WARN_DIRECT_OBJC_ISA_USAGE = YES_ERROR;
				CLANG_WARN_DOCUMENTATION_COMMENTS = YES;
				CLANG_WARN_EMPTY_BODY = YES;
				CLANG_WARN_ENUM_CONVERSION = YES;
				CLANG_WARN_INFINITE_RECURSION = YES;
				CLANG_WARN_INT_CONVERSION = YES;
				CLANG_WARN_NON_LITERAL_NULL_CONVERSION = YES;
				CLANG_WARN_OBJC_IMPLICIT_RETAIN_SELF = YES;
				CLANG_WARN_OBJC_LITERAL_CONVERSION = YES;
				CLANG_WARN_OBJC_ROOT_CLASS = YES_ERROR;
				CLANG_WARN_QUOTED_INCLUDE_IN_FRAMEWORK_HEADER = YES;
				CLANG_WARN_RANGE_LOOP_ANALYSIS = YES;
				CLANG_WARN_STRICT_PROTOTYPES = YES;
				CLANG_WARN_SUSPICIOUS_MOVE = YES;
				CLANG_WARN_UNGUARDED_AVAILABILITY = YES_AGGRESSIVE;
				CLANG_WARN_UNREACHABLE_CODE = YES;
				CLANG_WARN__DUPLICATE_METHOD_MATCH = YES;
				COPY_PHASE_STRIP = NO;
				DEBUG_INFORMATION_FORMAT = dwarf;
				ENABLE_STRICT_OBJC_MSGSEND = YES;
				ENABLE_TESTABILITY = YES;
				GCC_C_LANGUAGE_STANDARD = gnu11;
				GCC_DYNAMIC_NO_PIC = NO;
				GCC_NO_COMMON_BLOCKS = YES;
				GCC_OPTIMIZATION_LEVEL = 0;
				GCC_PREPROCESSOR_DEFINITIONS = (
					"DEBUG=1",
					"$(inherited)",
				);
				GCC_WARN_64_TO_32_BIT_CONVERSION = YES;
				GCC_WARN_ABOUT_RETURN_TYPE = YES_ERROR;
				GCC_WARN_UNDECLARED_SELECTOR = YES;
				GCC_WARN_UNINITIALIZED_AUTOS = YES_AGGRESSIVE;
				GCC_WARN_UNUSED_FUNCTION = YES;
				GCC_WARN_UNUSED_VARIABLE = YES;
				IPHONEOS_DEPLOYMENT_TARGET = 14.5;
				MTL_ENABLE_DEBUG_INFO = INCLUDE_SOURCE;
				MTL_FAST_MATH = YES;
				ONLY_ACTIVE_ARCH = YES;
				SDKROOT = iphoneos;
				SWIFT_ACTIVE_COMPILATION_CONDITIONS = DEBUG;
				SWIFT_OPTIMIZATION_LEVEL = "-Onone";
			};
			name = Debug;
		};
		690E40AF26480477005BE06A /* Release */ = {
			isa = XCBuildConfiguration;
			buildSettings = {
				ALWAYS_SEARCH_USER_PATHS = NO;
				CLANG_ANALYZER_NONNULL = YES;
				CLANG_ANALYZER_NUMBER_OBJECT_CONVERSION = YES_AGGRESSIVE;
				CLANG_CXX_LANGUAGE_STANDARD = "gnu++14";
				CLANG_CXX_LIBRARY = "libc++";
				CLANG_ENABLE_MODULES = YES;
				CLANG_ENABLE_OBJC_ARC = YES;
				CLANG_ENABLE_OBJC_WEAK = YES;
				CLANG_WARN_BLOCK_CAPTURE_AUTORELEASING = YES;
				CLANG_WARN_BOOL_CONVERSION = YES;
				CLANG_WARN_COMMA = YES;
				CLANG_WARN_CONSTANT_CONVERSION = YES;
				CLANG_WARN_DEPRECATED_OBJC_IMPLEMENTATIONS = YES;
				CLANG_WARN_DIRECT_OBJC_ISA_USAGE = YES_ERROR;
				CLANG_WARN_DOCUMENTATION_COMMENTS = YES;
				CLANG_WARN_EMPTY_BODY = YES;
				CLANG_WARN_ENUM_CONVERSION = YES;
				CLANG_WARN_INFINITE_RECURSION = YES;
				CLANG_WARN_INT_CONVERSION = YES;
				CLANG_WARN_NON_LITERAL_NULL_CONVERSION = YES;
				CLANG_WARN_OBJC_IMPLICIT_RETAIN_SELF = YES;
				CLANG_WARN_OBJC_LITERAL_CONVERSION = YES;
				CLANG_WARN_OBJC_ROOT_CLASS = YES_ERROR;
				CLANG_WARN_QUOTED_INCLUDE_IN_FRAMEWORK_HEADER = YES;
				CLANG_WARN_RANGE_LOOP_ANALYSIS = YES;
				CLANG_WARN_STRICT_PROTOTYPES = YES;
				CLANG_WARN_SUSPICIOUS_MOVE = YES;
				CLANG_WARN_UNGUARDED_AVAILABILITY = YES_AGGRESSIVE;
				CLANG_WARN_UNREACHABLE_CODE = YES;
				CLANG_WARN__DUPLICATE_METHOD_MATCH = YES;
				COPY_PHASE_STRIP = NO;
				DEBUG_INFORMATION_FORMAT = "dwarf-with-dsym";
				ENABLE_NS_ASSERTIONS = NO;
				ENABLE_STRICT_OBJC_MSGSEND = YES;
				GCC_C_LANGUAGE_STANDARD = gnu11;
				GCC_NO_COMMON_BLOCKS = YES;
				GCC_WARN_64_TO_32_BIT_CONVERSION = YES;
				GCC_WARN_ABOUT_RETURN_TYPE = YES_ERROR;
				GCC_WARN_UNDECLARED_SELECTOR = YES;
				GCC_WARN_UNINITIALIZED_AUTOS = YES_AGGRESSIVE;
				GCC_WARN_UNUSED_FUNCTION = YES;
				GCC_WARN_UNUSED_VARIABLE = YES;
				IPHONEOS_DEPLOYMENT_TARGET = 14.5;
				MTL_ENABLE_DEBUG_INFO = NO;
				MTL_FAST_MATH = YES;
				SDKROOT = iphoneos;
				SWIFT_COMPILATION_MODE = wholemodule;
				SWIFT_OPTIMIZATION_LEVEL = "-O";
				VALIDATE_PRODUCT = YES;
			};
			name = Release;
		};
		690E40B126480477005BE06A /* Debug */ = {
			isa = XCBuildConfiguration;
			buildSettings = {
				ASSETCATALOG_COMPILER_APPICON_NAME = AppIcon;
				ASSETCATALOG_COMPILER_GLOBAL_ACCENT_COLOR_NAME = AccentColor;
				CODE_SIGN_STYLE = Automatic;
				DEVELOPMENT_TEAM = ME3XUBDVMA;
				INFOPLIST_FILE = GitRepo/Resources/Info.plist;
				LD_RUNPATH_SEARCH_PATHS = (
					"$(inherited)",
					"@executable_path/Frameworks",
				);
				PRODUCT_BUNDLE_IDENTIFIER = IslamElgaafary.GitRepo;
				PRODUCT_NAME = "$(TARGET_NAME)";
				SWIFT_VERSION = 5.0;
				TARGETED_DEVICE_FAMILY = "1,2";
			};
			name = Debug;
		};
		690E40B226480477005BE06A /* Release */ = {
			isa = XCBuildConfiguration;
			buildSettings = {
				ASSETCATALOG_COMPILER_APPICON_NAME = AppIcon;
				ASSETCATALOG_COMPILER_GLOBAL_ACCENT_COLOR_NAME = AccentColor;
				CODE_SIGN_STYLE = Automatic;
				DEVELOPMENT_TEAM = ME3XUBDVMA;
				INFOPLIST_FILE = GitRepo/Resources/Info.plist;
				LD_RUNPATH_SEARCH_PATHS = (
					"$(inherited)",
					"@executable_path/Frameworks",
				);
				PRODUCT_BUNDLE_IDENTIFIER = IslamElgaafary.GitRepo;
				PRODUCT_NAME = "$(TARGET_NAME)";
				SWIFT_VERSION = 5.0;
				TARGETED_DEVICE_FAMILY = "1,2";
			};
			name = Release;
		};
		690E40B426480477005BE06A /* Debug */ = {
			isa = XCBuildConfiguration;
			buildSettings = {
				ALWAYS_EMBED_SWIFT_STANDARD_LIBRARIES = YES;
				BUNDLE_LOADER = "$(TEST_HOST)";
				CODE_SIGN_STYLE = Automatic;
				DEVELOPMENT_TEAM = ME3XUBDVMA;
				INFOPLIST_FILE = GitRepoTests/Info.plist;
				IPHONEOS_DEPLOYMENT_TARGET = 14.5;
				LD_RUNPATH_SEARCH_PATHS = (
					"$(inherited)",
					"@executable_path/Frameworks",
					"@loader_path/Frameworks",
				);
				PRODUCT_BUNDLE_IDENTIFIER = IslamElgaafary.GitRepoTests;
				PRODUCT_NAME = "$(TARGET_NAME)";
				SWIFT_VERSION = 5.0;
				TARGETED_DEVICE_FAMILY = "1,2";
				TEST_HOST = "$(BUILT_PRODUCTS_DIR)/GitRepo.app/GitRepo";
			};
			name = Debug;
		};
		690E40B526480477005BE06A /* Release */ = {
			isa = XCBuildConfiguration;
			buildSettings = {
				ALWAYS_EMBED_SWIFT_STANDARD_LIBRARIES = YES;
				BUNDLE_LOADER = "$(TEST_HOST)";
				CODE_SIGN_STYLE = Automatic;
				DEVELOPMENT_TEAM = ME3XUBDVMA;
				INFOPLIST_FILE = GitRepoTests/Info.plist;
				IPHONEOS_DEPLOYMENT_TARGET = 14.5;
				LD_RUNPATH_SEARCH_PATHS = (
					"$(inherited)",
					"@executable_path/Frameworks",
					"@loader_path/Frameworks",
				);
				PRODUCT_BUNDLE_IDENTIFIER = IslamElgaafary.GitRepoTests;
				PRODUCT_NAME = "$(TARGET_NAME)";
				SWIFT_VERSION = 5.0;
				TARGETED_DEVICE_FAMILY = "1,2";
				TEST_HOST = "$(BUILT_PRODUCTS_DIR)/GitRepo.app/GitRepo";
			};
			name = Release;
		};
		690E40B726480477005BE06A /* Debug */ = {
			isa = XCBuildConfiguration;
			buildSettings = {
				ALWAYS_EMBED_SWIFT_STANDARD_LIBRARIES = YES;
				CODE_SIGN_STYLE = Automatic;
				DEVELOPMENT_TEAM = ME3XUBDVMA;
				INFOPLIST_FILE = GitRepoUITests/Info.plist;
				LD_RUNPATH_SEARCH_PATHS = (
					"$(inherited)",
					"@executable_path/Frameworks",
					"@loader_path/Frameworks",
				);
				PRODUCT_BUNDLE_IDENTIFIER = IslamElgaafary.GitRepoUITests;
				PRODUCT_NAME = "$(TARGET_NAME)";
				SWIFT_VERSION = 5.0;
				TARGETED_DEVICE_FAMILY = "1,2";
				TEST_TARGET_NAME = GitRepo;
			};
			name = Debug;
		};
		690E40B826480477005BE06A /* Release */ = {
			isa = XCBuildConfiguration;
			buildSettings = {
				ALWAYS_EMBED_SWIFT_STANDARD_LIBRARIES = YES;
				CODE_SIGN_STYLE = Automatic;
				DEVELOPMENT_TEAM = ME3XUBDVMA;
				INFOPLIST_FILE = GitRepoUITests/Info.plist;
				LD_RUNPATH_SEARCH_PATHS = (
					"$(inherited)",
					"@executable_path/Frameworks",
					"@loader_path/Frameworks",
				);
				PRODUCT_BUNDLE_IDENTIFIER = IslamElgaafary.GitRepoUITests;
				PRODUCT_NAME = "$(TARGET_NAME)";
				SWIFT_VERSION = 5.0;
				TARGETED_DEVICE_FAMILY = "1,2";
				TEST_TARGET_NAME = GitRepo;
			};
			name = Release;
		};
/* End XCBuildConfiguration section */

/* Begin XCConfigurationList section */
		690E407E26480475005BE06A /* Build configuration list for PBXProject "GitRepo" */ = {
			isa = XCConfigurationList;
			buildConfigurations = (
				690E40AE26480477005BE06A /* Debug */,
				690E40AF26480477005BE06A /* Release */,
			);
			defaultConfigurationIsVisible = 0;
			defaultConfigurationName = Release;
		};
		690E40B026480477005BE06A /* Build configuration list for PBXNativeTarget "GitRepo" */ = {
			isa = XCConfigurationList;
			buildConfigurations = (
				690E40B126480477005BE06A /* Debug */,
				690E40B226480477005BE06A /* Release */,
			);
			defaultConfigurationIsVisible = 0;
			defaultConfigurationName = Release;
		};
		690E40B326480477005BE06A /* Build configuration list for PBXNativeTarget "GitRepoTests" */ = {
			isa = XCConfigurationList;
			buildConfigurations = (
				690E40B426480477005BE06A /* Debug */,
				690E40B526480477005BE06A /* Release */,
			);
			defaultConfigurationIsVisible = 0;
			defaultConfigurationName = Release;
		};
		690E40B626480477005BE06A /* Build configuration list for PBXNativeTarget "GitRepoUITests" */ = {
			isa = XCConfigurationList;
			buildConfigurations = (
				690E40B726480477005BE06A /* Debug */,
				690E40B826480477005BE06A /* Release */,
			);
			defaultConfigurationIsVisible = 0;
			defaultConfigurationName = Release;
		};
/* End XCConfigurationList section */

/* Begin XCVersionGroup section */
		690E408F26480475005BE06A /* GitRepo.xcdatamodeld */ = {
			isa = XCVersionGroup;
			children = (
				690E409026480475005BE06A /* GitRepo.xcdatamodel */,
			);
			currentVersion = 690E409026480475005BE06A /* GitRepo.xcdatamodel */;
			path = GitRepo.xcdatamodeld;
			sourceTree = "<group>";
			versionGroupType = wrapper.xcdatamodel;
		};
/* End XCVersionGroup section */
	};
	rootObject = 690E407B26480475005BE06A /* Project object */;
}
